prepare:
  cmd: python src/prepare.py
  deps:
  - path: data/raw
    md5: b3f25c7801a68f0a987b7546716e197c.dir
  - path: src/prepare.py
    md5: ef804f358e00edcfe52c865b471f8f55
  outs:
  - path: data/prepared/test.csv
    md5: e28bc21f7cf850b6f9481fce4595c7cc
  - path: data/prepared/train.csv
    md5: c1217b6b20399f0e1e7de01b4f4303cd
train:
  cmd: python src/train.py
  deps:
  - path: data/prepared/train.csv
    md5: c1217b6b20399f0e1e7de01b4f4303cd
  - path: src/train.py
    md5: 8afd0b487365179d1b8bcca7e57a64cd
  outs:
  - path: model/model.joblib
    md5: 78577945c7d50d4693cdfcf94b9199ab
evaluate:
  cmd: python src/evaluate.py
  deps:
  - path: model/model.joblib
    md5: 78577945c7d50d4693cdfcf94b9199ab
  - path: src/evaluate.py
    md5: b197277667d6269271fff4ae4af8a941
  outs:
  - path: metrics/accuracy.json
    md5: b56cf24bcb319f2412f565bd1fe35c1f
